
Microsoft Visual Studio Solution File, Format Version 12.00
# Visual Studio Version 16
VisualStudioVersion = 16.0.29806.167
MinimumVisualStudioVersion = 10.0.40219.1
Project("{FAE04EC0-301F-11D3-BF4B-00C04F79EFBC}") = "TeamPointPvP", "TeamPointPvP.csproj", "{8E5A64C3-BD3C-4093-904A-5DE8A9B83C9A}"
EndProject
Project("{2150E333-8FDC-42A3-9474-1A3956D46DE8}") = "Solution Items", "Solution Items", "{3EE19442-9AA6-4661-864F-332A82BE130C}"
	ProjectSection(SolutionItems) = preProject
		.editorconfig = .editorconfig
	EndProjectSection
EndProject
Global
	GlobalSection(SolutionConfigurationPlatforms) = preSolution
		Debug|Any CPU = Debug|Any CPU
		Debug|x86 = Debug|x86
		Release|Any CPU = Release|Any CPU
		Release|x86 = Release|x86
	EndGlobalSection
	GlobalSection(ProjectConfigurationPlatforms) = postSolution
		{8E5A64C3-BD3C-4093-904A-5DE8A9B83C9A}.Debug|Any CPU.ActiveCfg = Debug|Any CPU
		{8E5A64C3-BD3C-4093-904A-5DE8A9B83C9A}.Debug|Any CPU.Build.0 = Debug|Any CPU
		{8E5A64C3-BD3C-4093-904A-5DE8A9B83C9A}.Debug|x86.ActiveCfg = Debug|x86
		{8E5A64C3-BD3C-4093-904A-5DE8A9B83C9A}.Debug|x86.Build.0 = Debug|x86
		{8E5A64C3-BD3C-4093-904A-5DE8A9B83C9A}.Release|Any CPU.ActiveCfg = Release|Any CPU
		{8E5A64C3-BD3C-4093-904A-5DE8A9B83C9A}.Release|Any CPU.Build.0 = Release|Any CPU
		{8E5A64C3-BD3C-4093-904A-5DE8A9B83C9A}.Release|x86.ActiveCfg = Release|x86
		{8E5A64C3-BD3C-4093-904A-5DE8A9B83C9A}.Release|x86.Build.0 = Release|x86
	EndGlobalSection
	GlobalSection(SolutionProperties) = preSolution
		HideSolutionNode = FALSE
	EndGlobalSection
	GlobalSection(ExtensibilityGlobals) = postSolution
		SolutionGuid = {1CEDEA97-10ED-4721-BEFB-9C9559A38B26}
	EndGlobalSection
EndGlobal
